// !$*UTF8*$!
{
	archiveVersion = 1;
	classes = {
	};
	objectVersion = 50;
	objects = {

/* Begin PBXAggregateTarget section */
		3267FC2022A610C2008AD571 /* WAPR2SDK */ = {
			isa = PBXAggregateTarget;
			buildConfigurationList = 3267FC2122A610C2008AD571 /* Build configuration list for PBXAggregateTarget "WAPR2SDK" */;
			buildPhases = (
				3267FC2622A610EB008AD571 /* ShellScript */,
			);
			dependencies = (
				3267FC2522A610CF008AD571 /* PBXTargetDependency */,
			);
			name = WAPR2SDK;
			productName = WAPR2SDK;
		};
/* End PBXAggregateTarget section */

/* Begin PBXBuildFile section */
		3212AF5324B71A6B008D3C62 /* SDKTextFiledView.m in Sources */ = {isa = PBXBuildFile; fileRef = 3212AF5224B71A6B008D3C62 /* SDKTextFiledView.m */; };
		3212AF5624B72248008D3C62 /* AccountLoginView.m in Sources */ = {isa = PBXBuildFile; fileRef = 3212AF5524B72248008D3C62 /* AccountLoginView.m */; };
		321F7CDE22C461D500ADABEE /* libR2DLIB.a in Frameworks */ = {isa = PBXBuildFile; fileRef = 3267FBEA22A60DF8008AD571 /* libR2DLIB.a */; };
		325182A0229E24BB00623AFF /* AppDelegate.m in Sources */ = {isa = PBXBuildFile; fileRef = 3251829F229E24BB00623AFF /* AppDelegate.m */; };
		325182A3229E24BB00623AFF /* ViewController.m in Sources */ = {isa = PBXBuildFile; fileRef = 325182A2229E24BB00623AFF /* ViewController.m */; };
		325182A6229E24BB00623AFF /* Main.storyboard in Resources */ = {isa = PBXBuildFile; fileRef = 325182A4229E24BB00623AFF /* Main.storyboard */; };
		325182A8229E24BD00623AFF /* Assets.xcassets in Resources */ = {isa = PBXBuildFile; fileRef = 325182A7229E24BD00623AFF /* Assets.xcassets */; };
		325182AB229E24BD00623AFF /* LaunchScreen.storyboard in Resources */ = {isa = PBXBuildFile; fileRef = 325182A9229E24BD00623AFF /* LaunchScreen.storyboard */; };
		325182AE229E24BD00623AFF /* main.m in Sources */ = {isa = PBXBuildFile; fileRef = 325182AD229E24BD00623AFF /* main.m */; };
		3251830C229E4C8900623AFF /* CCSkyHourSDKResources.bundle in Resources */ = {isa = PBXBuildFile; fileRef = 3251830B229E4C8900623AFF /* CCSkyHourSDKResources.bundle */; };
		3267FBF322A60E72008AD571 /* CCSkyHourSDKPlat.m in Sources */ = {isa = PBXBuildFile; fileRef = 32CEA228229FA08200B9CC7C /* CCSkyHourSDKPlat.m */; };
		3267FBF422A60E72008AD571 /* ConfigCoreUtil.m in Sources */ = {isa = PBXBuildFile; fileRef = 3253B29F229EC407007C23CD /* ConfigCoreUtil.m */; };
		3267FBF522A60E72008AD571 /* CCSDKDATA.m in Sources */ = {isa = PBXBuildFile; fileRef = 32518321229EAAA100623AFF /* CCSDKDATA.m */; };
		3267FBF622A60E72008AD571 /* UIColor+HexStringToColorTW.m in Sources */ = {isa = PBXBuildFile; fileRef = 3251830E229E599800623AFF /* UIColor+HexStringToColorTW.m */; };
		3267FBF722A60E72008AD571 /* UIImage+GamaBundleImage.m in Sources */ = {isa = PBXBuildFile; fileRef = 32518308229E398B00623AFF /* UIImage+GamaBundleImage.m */; };
		3267FBF822A60E72008AD571 /* MASCompositeConstraint.m in Sources */ = {isa = PBXBuildFile; fileRef = 325182F6229E2F6C00623AFF /* MASCompositeConstraint.m */; };
		3267FBF922A60E72008AD571 /* MASConstraint.m in Sources */ = {isa = PBXBuildFile; fileRef = 325182E5229E2F6B00623AFF /* MASConstraint.m */; };
		3267FBFA22A60E72008AD571 /* MASConstraintMaker.m in Sources */ = {isa = PBXBuildFile; fileRef = 325182F3229E2F6C00623AFF /* MASConstraintMaker.m */; };
		3267FBFB22A60E72008AD571 /* MASLayoutConstraint.m in Sources */ = {isa = PBXBuildFile; fileRef = 325182EA229E2F6B00623AFF /* MASLayoutConstraint.m */; };
		3267FBFC22A60E72008AD571 /* MASViewAttribute.m in Sources */ = {isa = PBXBuildFile; fileRef = 325182F2229E2F6C00623AFF /* MASViewAttribute.m */; };
		3267FBFD22A60E72008AD571 /* MASViewConstraint.m in Sources */ = {isa = PBXBuildFile; fileRef = 325182F8229E2F6C00623AFF /* MASViewConstraint.m */; };
		3267FBFE22A60E72008AD571 /* NSArray+MASAdditions.m in Sources */ = {isa = PBXBuildFile; fileRef = 325182F1229E2F6C00623AFF /* NSArray+MASAdditions.m */; };
		3267FBFF22A60E72008AD571 /* NSLayoutConstraint+MASDebugAdditions.m in Sources */ = {isa = PBXBuildFile; fileRef = 325182E7229E2F6B00623AFF /* NSLayoutConstraint+MASDebugAdditions.m */; };
		3267FC0022A60E72008AD571 /* View+MASAdditions.m in Sources */ = {isa = PBXBuildFile; fileRef = 325182E3229E2F6B00623AFF /* View+MASAdditions.m */; };
		3267FC0122A60E72008AD571 /* ViewController+MASAdditions.m in Sources */ = {isa = PBXBuildFile; fileRef = 325182FB229E2F6C00623AFF /* ViewController+MASAdditions.m */; };
		3267FC0222A60E72008AD571 /* CCSkyHourFunction.m in Sources */ = {isa = PBXBuildFile; fileRef = 325182BB229E28EF00623AFF /* CCSkyHourFunction.m */; };
		3267FC0322A60E72008AD571 /* UIUtil.m in Sources */ = {isa = PBXBuildFile; fileRef = 32518317229E6E0B00623AFF /* UIUtil.m */; };
		3267FC0422A60E72008AD571 /* LoginImp.m in Sources */ = {isa = PBXBuildFile; fileRef = 32CEA22C229FAC1500B9CC7C /* LoginImp.m */; };
		3267FC0522A60E72008AD571 /* LoginTitleView.m in Sources */ = {isa = PBXBuildFile; fileRef = 32518311229E5AE300623AFF /* LoginTitleView.m */; };
		3267FC0622A60E72008AD571 /* SelectLoginTypeView.m in Sources */ = {isa = PBXBuildFile; fileRef = 32518314229E5FD800623AFF /* SelectLoginTypeView.m */; };
		3267FC0722A60E72008AD571 /* GuestLoginWarnTipsView.m in Sources */ = {isa = PBXBuildFile; fileRef = 3251831A229E979B00623AFF /* GuestLoginWarnTipsView.m */; };
		3267FC0922A60E72008AD571 /* BindAccountView.m in Sources */ = {isa = PBXBuildFile; fileRef = 32CEA206229F7C7500B9CC7C /* BindAccountView.m */; };
		3267FC0B22A60E72008AD571 /* SDKBaseView.m in Sources */ = {isa = PBXBuildFile; fileRef = 3260C1E022A0D6F800E30FE9 /* SDKBaseView.m */; };
		3267FC0C22A60E72008AD571 /* GuestLogoutWarnTipsView.m in Sources */ = {isa = PBXBuildFile; fileRef = 3260C1E322A0EF1900E30FE9 /* GuestLogoutWarnTipsView.m */; };
		3267FC0F22A60F1F008AD571 /* CCSkyHourSDKPlat.h in CopyFiles */ = {isa = PBXBuildFile; fileRef = 32CEA227229FA08200B9CC7C /* CCSkyHourSDKPlat.h */; };
		3267FC1022A60F5C008AD571 /* StoreKit.framework in Frameworks */ = {isa = PBXBuildFile; fileRef = 32B3E09722A141710071BF80 /* StoreKit.framework */; };
		3267FC1122A60F62008AD571 /* SystemConfiguration.framework in Frameworks */ = {isa = PBXBuildFile; fileRef = 32CEA231229FAF1800B9CC7C /* SystemConfiguration.framework */; };
		3267FC1222A60F72008AD571 /* SafariServices.framework in Frameworks */ = {isa = PBXBuildFile; fileRef = 32CEA233229FAF3B00B9CC7C /* SafariServices.framework */; };
		3267FC1322A60F86008AD571 /* AdSupport.framework in Frameworks */ = {isa = PBXBuildFile; fileRef = 32B3E09322A1415E0071BF80 /* AdSupport.framework */; };
		3267FC1422A60F8C008AD571 /* LocalAuthentication.framework in Frameworks */ = {isa = PBXBuildFile; fileRef = 32CEA22F229FAF1000B9CC7C /* LocalAuthentication.framework */; };
		3267FC1F22A6100E008AD571 /* GameKit.framework in Frameworks */ = {isa = PBXBuildFile; fileRef = 32B3E09522A141630071BF80 /* GameKit.framework */; };
		32775C2F24BC673F00BDE4E7 /* AFURLResponseSerialization.m in Sources */ = {isa = PBXBuildFile; fileRef = 32775C2524BC673F00BDE4E7 /* AFURLResponseSerialization.m */; };
		32775C3024BC673F00BDE4E7 /* AFHTTPSessionManager.m in Sources */ = {isa = PBXBuildFile; fileRef = 32775C2624BC673F00BDE4E7 /* AFHTTPSessionManager.m */; };
		32775C3124BC673F00BDE4E7 /* AFURLSessionManager.m in Sources */ = {isa = PBXBuildFile; fileRef = 32775C2824BC673F00BDE4E7 /* AFURLSessionManager.m */; };
		32775C3224BC673F00BDE4E7 /* AFURLRequestSerialization.m in Sources */ = {isa = PBXBuildFile; fileRef = 32775C2924BC673F00BDE4E7 /* AFURLRequestSerialization.m */; };
		32775C3324BC673F00BDE4E7 /* AFNetworkReachabilityManager.m in Sources */ = {isa = PBXBuildFile; fileRef = 32775C2B24BC673F00BDE4E7 /* AFNetworkReachabilityManager.m */; };
		32775C3424BC673F00BDE4E7 /* AFSecurityPolicy.m in Sources */ = {isa = PBXBuildFile; fileRef = 32775C2C24BC673F00BDE4E7 /* AFSecurityPolicy.m */; };
		32775C4124BC688800BDE4E7 /* BJError.m in Sources */ = {isa = PBXBuildFile; fileRef = 32775C3824BC688800BDE4E7 /* BJError.m */; };
		32775C4224BC688800BDE4E7 /* BJServiceConfigurator.m in Sources */ = {isa = PBXBuildFile; fileRef = 32775C3B24BC688800BDE4E7 /* BJServiceConfigurator.m */; };
		32775C4324BC688800BDE4E7 /* BJHTTPServiceEngine.m in Sources */ = {isa = PBXBuildFile; fileRef = 32775C3C24BC688800BDE4E7 /* BJHTTPServiceEngine.m */; };
		32775C4424BC688800BDE4E7 /* BJBaseResponceModel.m in Sources */ = {isa = PBXBuildFile; fileRef = 32775C3E24BC688800BDE4E7 /* BJBaseResponceModel.m */; };
		32775C4524BC688800BDE4E7 /* BJBaseHTTPEngine.m in Sources */ = {isa = PBXBuildFile; fileRef = 32775C4024BC688800BDE4E7 /* BJBaseHTTPEngine.m */; };
		32775C4C24BC6AFB00BDE4E7 /* NSObject+YYModel.m in Sources */ = {isa = PBXBuildFile; fileRef = 32775C4924BC6AFB00BDE4E7 /* NSObject+YYModel.m */; };
		32775C4D24BC6AFB00BDE4E7 /* YYClassInfo.m in Sources */ = {isa = PBXBuildFile; fileRef = 32775C4A24BC6AFB00BDE4E7 /* YYClassInfo.m */; };
		327F214B24BADE3500C95016 /* RegisterAccountView.m in Sources */ = {isa = PBXBuildFile; fileRef = 327F214A24BADE3500C95016 /* RegisterAccountView.m */; };
		327F214E24BB073A00C95016 /* PhoneView.m in Sources */ = {isa = PBXBuildFile; fileRef = 327F214D24BB073A00C95016 /* PhoneView.m */; };
		3284E0FC24BCA2B40050BC3D /* AccountListViewCell.m in Sources */ = {isa = PBXBuildFile; fileRef = 3284E0FB24BCA2B40050BC3D /* AccountListViewCell.m */; };
		32B3E09422A1415E0071BF80 /* AdSupport.framework in Frameworks */ = {isa = PBXBuildFile; fileRef = 32B3E09322A1415E0071BF80 /* AdSupport.framework */; };
		32B3E09622A141630071BF80 /* GameKit.framework in Frameworks */ = {isa = PBXBuildFile; fileRef = 32B3E09522A141630071BF80 /* GameKit.framework */; };
		32B3E09822A141720071BF80 /* StoreKit.framework in Frameworks */ = {isa = PBXBuildFile; fileRef = 32B3E09722A141710071BF80 /* StoreKit.framework */; };
		32BD6EDA231AB1F400F146EC /* CCSkyHourLoginViewController.m in Sources */ = {isa = PBXBuildFile; fileRef = 32BD6ED9231AB1F400F146EC /* CCSkyHourLoginViewController.m */; };
		32BD6F45231ABED800F146EC /* CCSDKResponse.m in Sources */ = {isa = PBXBuildFile; fileRef = 32BD6F44231ABED800F146EC /* CCSDKResponse.m */; };
		32C7D1A324BC02BF00BAC49C /* ChangePasswordView.m in Sources */ = {isa = PBXBuildFile; fileRef = 32C7D1A224BC02BF00BAC49C /* ChangePasswordView.m */; };
		32C7D1A624BC09CC00BAC49C /* SelectBindTypeView.m in Sources */ = {isa = PBXBuildFile; fileRef = 32C7D1A524BC09CC00BAC49C /* SelectBindTypeView.m */; };
		32C7D1A924BC295300BAC49C /* AutoLoginView.m in Sources */ = {isa = PBXBuildFile; fileRef = 32C7D1A824BC295300BAC49C /* AutoLoginView.m */; };
		32CEA230229FAF1000B9CC7C /* LocalAuthentication.framework in Frameworks */ = {isa = PBXBuildFile; fileRef = 32CEA22F229FAF1000B9CC7C /* LocalAuthentication.framework */; };
		32CEA232229FAF1800B9CC7C /* SystemConfiguration.framework in Frameworks */ = {isa = PBXBuildFile; fileRef = 32CEA231229FAF1800B9CC7C /* SystemConfiguration.framework */; };
		32CEA234229FAF3B00B9CC7C /* SafariServices.framework in Frameworks */ = {isa = PBXBuildFile; fileRef = 32CEA233229FAF3B00B9CC7C /* SafariServices.framework */; };
		32FB926524B566D5000E241C /* LoginButton.m in Sources */ = {isa = PBXBuildFile; fileRef = 32FB926424B566D5000E241C /* LoginButton.m */; };
/* End PBXBuildFile section */

/* Begin PBXContainerItemProxy section */
		3267FC2422A610CF008AD571 /* PBXContainerItemProxy */ = {
			isa = PBXContainerItemProxy;
			containerPortal = 32518293229E24BB00623AFF /* Project object */;
			proxyType = 1;
			remoteGlobalIDString = 3267FBE922A60DF8008AD571;
			remoteInfo = R2DLIB;
		};
/* End PBXContainerItemProxy section */

/* Begin PBXCopyFilesBuildPhase section */
		3267FBE822A60DF8008AD571 /* CopyFiles */ = {
			isa = PBXCopyFilesBuildPhase;
			buildActionMask = 2147483647;
			dstPath = "include/$(PRODUCT_NAME)";
			dstSubfolderSpec = 16;
			files = (
				3267FC0F22A60F1F008AD571 /* CCSkyHourSDKPlat.h in CopyFiles */,
			);
			runOnlyForDeploymentPostprocessing = 0;
		};
/* End PBXCopyFilesBuildPhase section */

/* Begin PBXFileReference section */
		3212476322A6164800B6A385 /* R2DLIB.framework */ = {isa = PBXFileReference; lastKnownFileType = wrapper.framework; name = R2DLIB.framework; path = R2DLIB/R2DLIB.framework; sourceTree = "<group>"; };
		3212AF5124B71A6B008D3C62 /* SDKTextFiledView.h */ = {isa = PBXFileReference; lastKnownFileType = sourcecode.c.h; path = SDKTextFiledView.h; sourceTree = "<group>"; };
		3212AF5224B71A6B008D3C62 /* SDKTextFiledView.m */ = {isa = PBXFileReference; lastKnownFileType = sourcecode.c.objc; path = SDKTextFiledView.m; sourceTree = "<group>"; };
		3212AF5424B72248008D3C62 /* AccountLoginView.h */ = {isa = PBXFileReference; lastKnownFileType = sourcecode.c.h; path = AccountLoginView.h; sourceTree = "<group>"; };
		3212AF5524B72248008D3C62 /* AccountLoginView.m */ = {isa = PBXFileReference; lastKnownFileType = sourcecode.c.objc; path = AccountLoginView.m; sourceTree = "<group>"; };
		3251829B229E24BB00623AFF /* R2DSDK.app */ = {isa = PBXFileReference; explicitFileType = wrapper.application; includeInIndex = 0; path = R2DSDK.app; sourceTree = BUILT_PRODUCTS_DIR; };
		3251829E229E24BB00623AFF /* AppDelegate.h */ = {isa = PBXFileReference; lastKnownFileType = sourcecode.c.h; path = AppDelegate.h; sourceTree = "<group>"; };
		3251829F229E24BB00623AFF /* AppDelegate.m */ = {isa = PBXFileReference; lastKnownFileType = sourcecode.c.objc; path = AppDelegate.m; sourceTree = "<group>"; };
		325182A1229E24BB00623AFF /* ViewController.h */ = {isa = PBXFileReference; lastKnownFileType = sourcecode.c.h; path = ViewController.h; sourceTree = "<group>"; };
		325182A2229E24BB00623AFF /* ViewController.m */ = {isa = PBXFileReference; lastKnownFileType = sourcecode.c.objc; path = ViewController.m; sourceTree = "<group>"; };
		325182A5229E24BB00623AFF /* Base */ = {isa = PBXFileReference; lastKnownFileType = file.storyboard; name = Base; path = Base.lproj/Main.storyboard; sourceTree = "<group>"; };
		325182A7229E24BD00623AFF /* Assets.xcassets */ = {isa = PBXFileReference; lastKnownFileType = folder.assetcatalog; path = Assets.xcassets; sourceTree = "<group>"; };
		325182AA229E24BD00623AFF /* Base */ = {isa = PBXFileReference; lastKnownFileType = file.storyboard; name = Base; path = Base.lproj/LaunchScreen.storyboard; sourceTree = "<group>"; };
		325182AC229E24BD00623AFF /* Info.plist */ = {isa = PBXFileReference; lastKnownFileType = text.plist.xml; path = Info.plist; sourceTree = "<group>"; };
		325182AD229E24BD00623AFF /* main.m */ = {isa = PBXFileReference; lastKnownFileType = sourcecode.c.objc; path = main.m; sourceTree = "<group>"; };
		325182BB229E28EF00623AFF /* CCSkyHourFunction.m */ = {isa = PBXFileReference; fileEncoding = 4; lastKnownFileType = sourcecode.c.objc; path = CCSkyHourFunction.m; sourceTree = "<group>"; };
		325182BC229E28EF00623AFF /* CCSkyHourFunction.h */ = {isa = PBXFileReference; fileEncoding = 4; lastKnownFileType = sourcecode.c.h; path = CCSkyHourFunction.h; sourceTree = "<group>"; };
		325182BD229E28EF00623AFF /* CCSkyHourHeader.h */ = {isa = PBXFileReference; fileEncoding = 4; lastKnownFileType = sourcecode.c.h; path = CCSkyHourHeader.h; sourceTree = "<group>"; };
		325182E3229E2F6B00623AFF /* View+MASAdditions.m */ = {isa = PBXFileReference; fileEncoding = 4; lastKnownFileType = sourcecode.c.objc; name = "View+MASAdditions.m"; path = "Masonry/View+MASAdditions.m"; sourceTree = "<group>"; };
		325182E4229E2F6B00623AFF /* MASConstraint.h */ = {isa = PBXFileReference; fileEncoding = 4; lastKnownFileType = sourcecode.c.h; name = MASConstraint.h; path = Masonry/MASConstraint.h; sourceTree = "<group>"; };
		325182E5229E2F6B00623AFF /* MASConstraint.m */ = {isa = PBXFileReference; fileEncoding = 4; lastKnownFileType = sourcecode.c.objc; name = MASConstraint.m; path = Masonry/MASConstraint.m; sourceTree = "<group>"; };
		325182E6229E2F6B00623AFF /* MASConstraintMaker.h */ = {isa = PBXFileReference; fileEncoding = 4; lastKnownFileType = sourcecode.c.h; name = MASConstraintMaker.h; path = Masonry/MASConstraintMaker.h; sourceTree = "<group>"; };
		325182E7229E2F6B00623AFF /* NSLayoutConstraint+MASDebugAdditions.m */ = {isa = PBXFileReference; fileEncoding = 4; lastKnownFileType = sourcecode.c.objc; name = "NSLayoutConstraint+MASDebugAdditions.m"; path = "Masonry/NSLayoutConstraint+MASDebugAdditions.m"; sourceTree = "<group>"; };
		325182E8229E2F6B00623AFF /* NSArray+MASShorthandAdditions.h */ = {isa = PBXFileReference; fileEncoding = 4; lastKnownFileType = sourcecode.c.h; name = "NSArray+MASShorthandAdditions.h"; path = "Masonry/NSArray+MASShorthandAdditions.h"; sourceTree = "<group>"; };
		325182E9229E2F6B00623AFF /* NSArray+MASAdditions.h */ = {isa = PBXFileReference; fileEncoding = 4; lastKnownFileType = sourcecode.c.h; name = "NSArray+MASAdditions.h"; path = "Masonry/NSArray+MASAdditions.h"; sourceTree = "<group>"; };
		325182EA229E2F6B00623AFF /* MASLayoutConstraint.m */ = {isa = PBXFileReference; fileEncoding = 4; lastKnownFileType = sourcecode.c.objc; name = MASLayoutConstraint.m; path = Masonry/MASLayoutConstraint.m; sourceTree = "<group>"; };
		325182EB229E2F6B00623AFF /* MASConstraint+Private.h */ = {isa = PBXFileReference; fileEncoding = 4; lastKnownFileType = sourcecode.c.h; name = "MASConstraint+Private.h"; path = "Masonry/MASConstraint+Private.h"; sourceTree = "<group>"; };
		325182EC229E2F6B00623AFF /* MASUtilities.h */ = {isa = PBXFileReference; fileEncoding = 4; lastKnownFileType = sourcecode.c.h; name = MASUtilities.h; path = Masonry/MASUtilities.h; sourceTree = "<group>"; };
		325182ED229E2F6B00623AFF /* View+MASShorthandAdditions.h */ = {isa = PBXFileReference; fileEncoding = 4; lastKnownFileType = sourcecode.c.h; name = "View+MASShorthandAdditions.h"; path = "Masonry/View+MASShorthandAdditions.h"; sourceTree = "<group>"; };
		325182EE229E2F6B00623AFF /* MASLayoutConstraint.h */ = {isa = PBXFileReference; fileEncoding = 4; lastKnownFileType = sourcecode.c.h; name = MASLayoutConstraint.h; path = Masonry/MASLayoutConstraint.h; sourceTree = "<group>"; };
		325182EF229E2F6C00623AFF /* MASCompositeConstraint.h */ = {isa = PBXFileReference; fileEncoding = 4; lastKnownFileType = sourcecode.c.h; name = MASCompositeConstraint.h; path = Masonry/MASCompositeConstraint.h; sourceTree = "<group>"; };
		325182F0229E2F6C00623AFF /* NSLayoutConstraint+MASDebugAdditions.h */ = {isa = PBXFileReference; fileEncoding = 4; lastKnownFileType = sourcecode.c.h; name = "NSLayoutConstraint+MASDebugAdditions.h"; path = "Masonry/NSLayoutConstraint+MASDebugAdditions.h"; sourceTree = "<group>"; };
		325182F1229E2F6C00623AFF /* NSArray+MASAdditions.m */ = {isa = PBXFileReference; fileEncoding = 4; lastKnownFileType = sourcecode.c.objc; name = "NSArray+MASAdditions.m"; path = "Masonry/NSArray+MASAdditions.m"; sourceTree = "<group>"; };
		325182F2229E2F6C00623AFF /* MASViewAttribute.m */ = {isa = PBXFileReference; fileEncoding = 4; lastKnownFileType = sourcecode.c.objc; name = MASViewAttribute.m; path = Masonry/MASViewAttribute.m; sourceTree = "<group>"; };
		325182F3229E2F6C00623AFF /* MASConstraintMaker.m */ = {isa = PBXFileReference; fileEncoding = 4; lastKnownFileType = sourcecode.c.objc; name = MASConstraintMaker.m; path = Masonry/MASConstraintMaker.m; sourceTree = "<group>"; };
		325182F4229E2F6C00623AFF /* ViewController+MASAdditions.h */ = {isa = PBXFileReference; fileEncoding = 4; lastKnownFileType = sourcecode.c.h; name = "ViewController+MASAdditions.h"; path = "Masonry/ViewController+MASAdditions.h"; sourceTree = "<group>"; };
		325182F5229E2F6C00623AFF /* MASViewConstraint.h */ = {isa = PBXFileReference; fileEncoding = 4; lastKnownFileType = sourcecode.c.h; name = MASViewConstraint.h; path = Masonry/MASViewConstraint.h; sourceTree = "<group>"; };
		325182F6229E2F6C00623AFF /* MASCompositeConstraint.m */ = {isa = PBXFileReference; fileEncoding = 4; lastKnownFileType = sourcecode.c.objc; name = MASCompositeConstraint.m; path = Masonry/MASCompositeConstraint.m; sourceTree = "<group>"; };
		325182F7229E2F6C00623AFF /* MASViewAttribute.h */ = {isa = PBXFileReference; fileEncoding = 4; lastKnownFileType = sourcecode.c.h; name = MASViewAttribute.h; path = Masonry/MASViewAttribute.h; sourceTree = "<group>"; };
		325182F8229E2F6C00623AFF /* MASViewConstraint.m */ = {isa = PBXFileReference; fileEncoding = 4; lastKnownFileType = sourcecode.c.objc; name = MASViewConstraint.m; path = Masonry/MASViewConstraint.m; sourceTree = "<group>"; };
		325182F9229E2F6C00623AFF /* Masonry.h */ = {isa = PBXFileReference; fileEncoding = 4; lastKnownFileType = sourcecode.c.h; name = Masonry.h; path = Masonry/Masonry.h; sourceTree = "<group>"; };
		325182FA229E2F6C00623AFF /* View+MASAdditions.h */ = {isa = PBXFileReference; fileEncoding = 4; lastKnownFileType = sourcecode.c.h; name = "View+MASAdditions.h"; path = "Masonry/View+MASAdditions.h"; sourceTree = "<group>"; };
		325182FB229E2F6C00623AFF /* ViewController+MASAdditions.m */ = {isa = PBXFileReference; fileEncoding = 4; lastKnownFileType = sourcecode.c.objc; name = "ViewController+MASAdditions.m"; path = "Masonry/ViewController+MASAdditions.m"; sourceTree = "<group>"; };
		32518307229E398B00623AFF /* UIImage+GamaBundleImage.h */ = {isa = PBXFileReference; fileEncoding = 4; lastKnownFileType = sourcecode.c.h; path = "UIImage+GamaBundleImage.h"; sourceTree = "<group>"; };
		32518308229E398B00623AFF /* UIImage+GamaBundleImage.m */ = {isa = PBXFileReference; fileEncoding = 4; lastKnownFileType = sourcecode.c.objc; path = "UIImage+GamaBundleImage.m"; sourceTree = "<group>"; };
		3251830B229E4C8900623AFF /* CCSkyHourSDKResources.bundle */ = {isa = PBXFileReference; lastKnownFileType = "wrapper.plug-in"; path = CCSkyHourSDKResources.bundle; sourceTree = "<group>"; };
		3251830D229E599800623AFF /* UIColor+HexStringToColorTW.h */ = {isa = PBXFileReference; fileEncoding = 4; lastKnownFileType = sourcecode.c.h; path = "UIColor+HexStringToColorTW.h"; sourceTree = "<group>"; };
		3251830E229E599800623AFF /* UIColor+HexStringToColorTW.m */ = {isa = PBXFileReference; fileEncoding = 4; lastKnownFileType = sourcecode.c.objc; path = "UIColor+HexStringToColorTW.m"; sourceTree = "<group>"; };
		32518310229E5AE300623AFF /* LoginTitleView.h */ = {isa = PBXFileReference; lastKnownFileType = sourcecode.c.h; path = LoginTitleView.h; sourceTree = "<group>"; };
		32518311229E5AE300623AFF /* LoginTitleView.m */ = {isa = PBXFileReference; lastKnownFileType = sourcecode.c.objc; path = LoginTitleView.m; sourceTree = "<group>"; };
		32518314229E5FD800623AFF /* SelectLoginTypeView.m */ = {isa = PBXFileReference; lastKnownFileType = sourcecode.c.objc; path = SelectLoginTypeView.m; sourceTree = "<group>"; };
		32518316229E6E0B00623AFF /* UIUtil.h */ = {isa = PBXFileReference; lastKnownFileType = sourcecode.c.h; path = UIUtil.h; sourceTree = "<group>"; };
		32518317229E6E0B00623AFF /* UIUtil.m */ = {isa = PBXFileReference; lastKnownFileType = sourcecode.c.objc; path = UIUtil.m; sourceTree = "<group>"; };
		32518319229E979B00623AFF /* GuestLoginWarnTipsView.h */ = {isa = PBXFileReference; lastKnownFileType = sourcecode.c.h; path = GuestLoginWarnTipsView.h; sourceTree = "<group>"; };
		3251831A229E979B00623AFF /* GuestLoginWarnTipsView.m */ = {isa = PBXFileReference; lastKnownFileType = sourcecode.c.objc; path = GuestLoginWarnTipsView.m; sourceTree = "<group>"; };
		3251831C229EA7F000623AFF /* ConfigCoreUtil.h */ = {isa = PBXFileReference; lastKnownFileType = sourcecode.c.h; path = ConfigCoreUtil.h; sourceTree = "<group>"; };
		32518321229EAAA100623AFF /* CCSDKDATA.m */ = {isa = PBXFileReference; lastKnownFileType = sourcecode.c.objc; path = CCSDKDATA.m; sourceTree = "<group>"; };
		3251A0E422A02F9E004A0CCD /* LoginViewDelegate.h */ = {isa = PBXFileReference; lastKnownFileType = sourcecode.c.h; path = LoginViewDelegate.h; sourceTree = "<group>"; };
		3253B29F229EC407007C23CD /* ConfigCoreUtil.m */ = {isa = PBXFileReference; fileEncoding = 4; lastKnownFileType = sourcecode.c.objc; path = ConfigCoreUtil.m; sourceTree = "<group>"; };
		3260C1DF22A0D6F800E30FE9 /* SDKBaseView.h */ = {isa = PBXFileReference; lastKnownFileType = sourcecode.c.h; path = SDKBaseView.h; sourceTree = "<group>"; };
		3260C1E022A0D6F800E30FE9 /* SDKBaseView.m */ = {isa = PBXFileReference; lastKnownFileType = sourcecode.c.objc; path = SDKBaseView.m; sourceTree = "<group>"; };
		3260C1E222A0EF1900E30FE9 /* GuestLogoutWarnTipsView.h */ = {isa = PBXFileReference; lastKnownFileType = sourcecode.c.h; path = GuestLogoutWarnTipsView.h; sourceTree = "<group>"; };
		3260C1E322A0EF1900E30FE9 /* GuestLogoutWarnTipsView.m */ = {isa = PBXFileReference; lastKnownFileType = sourcecode.c.objc; path = GuestLogoutWarnTipsView.m; sourceTree = "<group>"; };
		3267FBEA22A60DF8008AD571 /* libR2DLIB.a */ = {isa = PBXFileReference; explicitFileType = archive.ar; includeInIndex = 0; path = libR2DLIB.a; sourceTree = BUILT_PRODUCTS_DIR; };
		3267FC2822A61256008AD571 /* FrameworkScript.sh */ = {isa = PBXFileReference; lastKnownFileType = text.script.sh; path = FrameworkScript.sh; sourceTree = "<group>"; };
		32775C2124BC673F00BDE4E7 /* AFSecurityPolicy.h */ = {isa = PBXFileReference; fileEncoding = 4; lastKnownFileType = sourcecode.c.h; path = AFSecurityPolicy.h; sourceTree = "<group>"; };
		32775C2224BC673F00BDE4E7 /* AFNetworkReachabilityManager.h */ = {isa = PBXFileReference; fileEncoding = 4; lastKnownFileType = sourcecode.c.h; path = AFNetworkReachabilityManager.h; sourceTree = "<group>"; };
		32775C2324BC673F00BDE4E7 /* AFURLSessionManager.h */ = {isa = PBXFileReference; fileEncoding = 4; lastKnownFileType = sourcecode.c.h; path = AFURLSessionManager.h; sourceTree = "<group>"; };
		32775C2424BC673F00BDE4E7 /* AFURLRequestSerialization.h */ = {isa = PBXFileReference; fileEncoding = 4; lastKnownFileType = sourcecode.c.h; path = AFURLRequestSerialization.h; sourceTree = "<group>"; };
		32775C2524BC673F00BDE4E7 /* AFURLResponseSerialization.m */ = {isa = PBXFileReference; fileEncoding = 4; lastKnownFileType = sourcecode.c.objc; path = AFURLResponseSerialization.m; sourceTree = "<group>"; };
		32775C2624BC673F00BDE4E7 /* AFHTTPSessionManager.m */ = {isa = PBXFileReference; fileEncoding = 4; lastKnownFileType = sourcecode.c.objc; path = AFHTTPSessionManager.m; sourceTree = "<group>"; };
		32775C2724BC673F00BDE4E7 /* AFURLResponseSerialization.h */ = {isa = PBXFileReference; fileEncoding = 4; lastKnownFileType = sourcecode.c.h; path = AFURLResponseSerialization.h; sourceTree = "<group>"; };
		32775C2824BC673F00BDE4E7 /* AFURLSessionManager.m */ = {isa = PBXFileReference; fileEncoding = 4; lastKnownFileType = sourcecode.c.objc; path = AFURLSessionManager.m; sourceTree = "<group>"; };
		32775C2924BC673F00BDE4E7 /* AFURLRequestSerialization.m */ = {isa = PBXFileReference; fileEncoding = 4; lastKnownFileType = sourcecode.c.objc; path = AFURLRequestSerialization.m; sourceTree = "<group>"; };
		32775C2A24BC673F00BDE4E7 /* AFNetworking.h */ = {isa = PBXFileReference; fileEncoding = 4; lastKnownFileType = sourcecode.c.h; path = AFNetworking.h; sourceTree = "<group>"; };
		32775C2B24BC673F00BDE4E7 /* AFNetworkReachabilityManager.m */ = {isa = PBXFileReference; fileEncoding = 4; lastKnownFileType = sourcecode.c.objc; path = AFNetworkReachabilityManager.m; sourceTree = "<group>"; };
		32775C2C24BC673F00BDE4E7 /* AFSecurityPolicy.m */ = {isa = PBXFileReference; fileEncoding = 4; lastKnownFileType = sourcecode.c.objc; path = AFSecurityPolicy.m; sourceTree = "<group>"; };
		32775C2D24BC673F00BDE4E7 /* AFCompatibilityMacros.h */ = {isa = PBXFileReference; fileEncoding = 4; lastKnownFileType = sourcecode.c.h; path = AFCompatibilityMacros.h; sourceTree = "<group>"; };
		32775C2E24BC673F00BDE4E7 /* AFHTTPSessionManager.h */ = {isa = PBXFileReference; fileEncoding = 4; lastKnownFileType = sourcecode.c.h; path = AFHTTPSessionManager.h; sourceTree = "<group>"; };
		32775C3624BC688800BDE4E7 /* BJHTTPServiceEngine.h */ = {isa = PBXFileReference; fileEncoding = 4; lastKnownFileType = sourcecode.c.h; path = BJHTTPServiceEngine.h; sourceTree = "<group>"; };
		32775C3724BC688800BDE4E7 /* BJServiceConfigurator.h */ = {isa = PBXFileReference; fileEncoding = 4; lastKnownFileType = sourcecode.c.h; path = BJServiceConfigurator.h; sourceTree = "<group>"; };
		32775C3824BC688800BDE4E7 /* BJError.m */ = {isa = PBXFileReference; fileEncoding = 4; lastKnownFileType = sourcecode.c.objc; path = BJError.m; sourceTree = "<group>"; };
		32775C3924BC688800BDE4E7 /* BJBaseResponceModel.h */ = {isa = PBXFileReference; fileEncoding = 4; lastKnownFileType = sourcecode.c.h; path = BJBaseResponceModel.h; sourceTree = "<group>"; };
		32775C3A24BC688800BDE4E7 /* BJBaseHTTPEngine.h */ = {isa = PBXFileReference; fileEncoding = 4; lastKnownFileType = sourcecode.c.h; path = BJBaseHTTPEngine.h; sourceTree = "<group>"; };
		32775C3B24BC688800BDE4E7 /* BJServiceConfigurator.m */ = {isa = PBXFileReference; fileEncoding = 4; lastKnownFileType = sourcecode.c.objc; path = BJServiceConfigurator.m; sourceTree = "<group>"; };
		32775C3C24BC688800BDE4E7 /* BJHTTPServiceEngine.m */ = {isa = PBXFileReference; fileEncoding = 4; lastKnownFileType = sourcecode.c.objc; path = BJHTTPServiceEngine.m; sourceTree = "<group>"; };
		32775C3D24BC688800BDE4E7 /* BJError.h */ = {isa = PBXFileReference; fileEncoding = 4; lastKnownFileType = sourcecode.c.h; path = BJError.h; sourceTree = "<group>"; };
		32775C3E24BC688800BDE4E7 /* BJBaseResponceModel.m */ = {isa = PBXFileReference; fileEncoding = 4; lastKnownFileType = sourcecode.c.objc; path = BJBaseResponceModel.m; sourceTree = "<group>"; };
		32775C3F24BC688800BDE4E7 /* BJAPIAddress.h */ = {isa = PBXFileReference; fileEncoding = 4; lastKnownFileType = sourcecode.c.h; path = BJAPIAddress.h; sourceTree = "<group>"; };
		32775C4024BC688800BDE4E7 /* BJBaseHTTPEngine.m */ = {isa = PBXFileReference; fileEncoding = 4; lastKnownFileType = sourcecode.c.objc; path = BJBaseHTTPEngine.m; sourceTree = "<group>"; };
		32775C4724BC6AFB00BDE4E7 /* YYClassInfo.h */ = {isa = PBXFileReference; fileEncoding = 4; lastKnownFileType = sourcecode.c.h; path = YYClassInfo.h; sourceTree = "<group>"; };
		32775C4824BC6AFB00BDE4E7 /* YYModel.h */ = {isa = PBXFileReference; fileEncoding = 4; lastKnownFileType = sourcecode.c.h; path = YYModel.h; sourceTree = "<group>"; };
		32775C4924BC6AFB00BDE4E7 /* NSObject+YYModel.m */ = {isa = PBXFileReference; fileEncoding = 4; lastKnownFileType = sourcecode.c.objc; path = "NSObject+YYModel.m"; sourceTree = "<group>"; };
		32775C4A24BC6AFB00BDE4E7 /* YYClassInfo.m */ = {isa = PBXFileReference; fileEncoding = 4; lastKnownFileType = sourcecode.c.objc; path = YYClassInfo.m; sourceTree = "<group>"; };
		32775C4B24BC6AFB00BDE4E7 /* NSObject+YYModel.h */ = {isa = PBXFileReference; fileEncoding = 4; lastKnownFileType = sourcecode.c.h; path = "NSObject+YYModel.h"; sourceTree = "<group>"; };
		327F214924BADE3500C95016 /* RegisterAccountView.h */ = {isa = PBXFileReference; lastKnownFileType = sourcecode.c.h; path = RegisterAccountView.h; sourceTree = "<group>"; };
		327F214A24BADE3500C95016 /* RegisterAccountView.m */ = {isa = PBXFileReference; lastKnownFileType = sourcecode.c.objc; path = RegisterAccountView.m; sourceTree = "<group>"; };
		327F214C24BB073A00C95016 /* PhoneView.h */ = {isa = PBXFileReference; lastKnownFileType = sourcecode.c.h; path = PhoneView.h; sourceTree = "<group>"; };
		327F214D24BB073A00C95016 /* PhoneView.m */ = {isa = PBXFileReference; lastKnownFileType = sourcecode.c.objc; path = PhoneView.m; sourceTree = "<group>"; };
		327F215024BB1FA200C95016 /* SelectLoginTypeView.h */ = {isa = PBXFileReference; fileEncoding = 4; lastKnownFileType = sourcecode.c.h; path = SelectLoginTypeView.h; sourceTree = "<group>"; };
		3284E0FA24BCA2B40050BC3D /* AccountListViewCell.h */ = {isa = PBXFileReference; lastKnownFileType = sourcecode.c.h; path = AccountListViewCell.h; sourceTree = "<group>"; };
		3284E0FB24BCA2B40050BC3D /* AccountListViewCell.m */ = {isa = PBXFileReference; lastKnownFileType = sourcecode.c.objc; path = AccountListViewCell.m; sourceTree = "<group>"; };
		32B3E09322A1415E0071BF80 /* AdSupport.framework */ = {isa = PBXFileReference; lastKnownFileType = wrapper.framework; name = AdSupport.framework; path = System/Library/Frameworks/AdSupport.framework; sourceTree = SDKROOT; };
		32B3E09522A141630071BF80 /* GameKit.framework */ = {isa = PBXFileReference; lastKnownFileType = wrapper.framework; name = GameKit.framework; path = System/Library/Frameworks/GameKit.framework; sourceTree = SDKROOT; };
		32B3E09722A141710071BF80 /* StoreKit.framework */ = {isa = PBXFileReference; lastKnownFileType = wrapper.framework; name = StoreKit.framework; path = System/Library/Frameworks/StoreKit.framework; sourceTree = SDKROOT; };
		32BD6ED8231AB1F400F146EC /* CCSkyHourLoginViewController.h */ = {isa = PBXFileReference; fileEncoding = 4; lastKnownFileType = sourcecode.c.h; path = CCSkyHourLoginViewController.h; sourceTree = "<group>"; };
		32BD6ED9231AB1F400F146EC /* CCSkyHourLoginViewController.m */ = {isa = PBXFileReference; fileEncoding = 4; lastKnownFileType = sourcecode.c.objc; path = CCSkyHourLoginViewController.m; sourceTree = "<group>"; };
		32BD6F43231ABED800F146EC /* CCSDKResponse.h */ = {isa = PBXFileReference; lastKnownFileType = sourcecode.c.h; path = CCSDKResponse.h; sourceTree = "<group>"; };
		32BD6F44231ABED800F146EC /* CCSDKResponse.m */ = {isa = PBXFileReference; lastKnownFileType = sourcecode.c.objc; path = CCSDKResponse.m; sourceTree = "<group>"; };
		32C03F0624BD72F600114B21 /* CCSDKDATA.h */ = {isa = PBXFileReference; fileEncoding = 4; lastKnownFileType = sourcecode.c.h; path = CCSDKDATA.h; sourceTree = "<group>"; };
		32C7D1A124BC02BF00BAC49C /* ChangePasswordView.h */ = {isa = PBXFileReference; lastKnownFileType = sourcecode.c.h; path = ChangePasswordView.h; sourceTree = "<group>"; };
		32C7D1A224BC02BF00BAC49C /* ChangePasswordView.m */ = {isa = PBXFileReference; lastKnownFileType = sourcecode.c.objc; path = ChangePasswordView.m; sourceTree = "<group>"; };
		32C7D1A424BC09CC00BAC49C /* SelectBindTypeView.h */ = {isa = PBXFileReference; lastKnownFileType = sourcecode.c.h; path = SelectBindTypeView.h; sourceTree = "<group>"; };
		32C7D1A524BC09CC00BAC49C /* SelectBindTypeView.m */ = {isa = PBXFileReference; lastKnownFileType = sourcecode.c.objc; path = SelectBindTypeView.m; sourceTree = "<group>"; };
		32C7D1A724BC295300BAC49C /* AutoLoginView.h */ = {isa = PBXFileReference; lastKnownFileType = sourcecode.c.h; path = AutoLoginView.h; sourceTree = "<group>"; };
		32C7D1A824BC295300BAC49C /* AutoLoginView.m */ = {isa = PBXFileReference; lastKnownFileType = sourcecode.c.objc; path = AutoLoginView.m; sourceTree = "<group>"; };
		32CEA205229F7C7500B9CC7C /* BindAccountView.h */ = {isa = PBXFileReference; lastKnownFileType = sourcecode.c.h; path = BindAccountView.h; sourceTree = "<group>"; };
		32CEA206229F7C7500B9CC7C /* BindAccountView.m */ = {isa = PBXFileReference; lastKnownFileType = sourcecode.c.objc; path = BindAccountView.m; sourceTree = "<group>"; };
		32CEA227229FA08200B9CC7C /* CCSkyHourSDKPlat.h */ = {isa = PBXFileReference; lastKnownFileType = sourcecode.c.h; path = CCSkyHourSDKPlat.h; sourceTree = "<group>"; };
		32CEA228229FA08200B9CC7C /* CCSkyHourSDKPlat.m */ = {isa = PBXFileReference; lastKnownFileType = sourcecode.c.objc; path = CCSkyHourSDKPlat.m; sourceTree = "<group>"; };
		32CEA22B229FAC1500B9CC7C /* LoginImp.h */ = {isa = PBXFileReference; lastKnownFileType = sourcecode.c.h; path = LoginImp.h; sourceTree = "<group>"; };
		32CEA22C229FAC1500B9CC7C /* LoginImp.m */ = {isa = PBXFileReference; lastKnownFileType = sourcecode.c.objc; path = LoginImp.m; sourceTree = "<group>"; };
		32CEA22F229FAF1000B9CC7C /* LocalAuthentication.framework */ = {isa = PBXFileReference; lastKnownFileType = wrapper.framework; name = LocalAuthentication.framework; path = System/Library/Frameworks/LocalAuthentication.framework; sourceTree = SDKROOT; };
		32CEA231229FAF1800B9CC7C /* SystemConfiguration.framework */ = {isa = PBXFileReference; lastKnownFileType = wrapper.framework; name = SystemConfiguration.framework; path = System/Library/Frameworks/SystemConfiguration.framework; sourceTree = SDKROOT; };
		32CEA233229FAF3B00B9CC7C /* SafariServices.framework */ = {isa = PBXFileReference; lastKnownFileType = wrapper.framework; name = SafariServices.framework; path = System/Library/Frameworks/SafariServices.framework; sourceTree = SDKROOT; };
		32FB926324B566D5000E241C /* LoginButton.h */ = {isa = PBXFileReference; lastKnownFileType = sourcecode.c.h; path = LoginButton.h; sourceTree = "<group>"; };
		32FB926424B566D5000E241C /* LoginButton.m */ = {isa = PBXFileReference; lastKnownFileType = sourcecode.c.objc; path = LoginButton.m; sourceTree = "<group>"; };
/* End PBXFileReference section */

/* Begin PBXFrameworksBuildPhase section */
		32518298229E24BB00623AFF /* Frameworks */ = {
			isa = PBXFrameworksBuildPhase;
			buildActionMask = 2147483647;
			files = (
				321F7CDE22C461D500ADABEE /* libR2DLIB.a in Frameworks */,
				32B3E09822A141720071BF80 /* StoreKit.framework in Frameworks */,
				32B3E09622A141630071BF80 /* GameKit.framework in Frameworks */,
				32B3E09422A1415E0071BF80 /* AdSupport.framework in Frameworks */,
				32CEA234229FAF3B00B9CC7C /* SafariServices.framework in Frameworks */,
				32CEA232229FAF1800B9CC7C /* SystemConfiguration.framework in Frameworks */,
				32CEA230229FAF1000B9CC7C /* LocalAuthentication.framework in Frameworks */,
			);
			runOnlyForDeploymentPostprocessing = 0;
		};
		3267FBE722A60DF8008AD571 /* Frameworks */ = {
			isa = PBXFrameworksBuildPhase;
			buildActionMask = 2147483647;
			files = (
				3267FC1F22A6100E008AD571 /* GameKit.framework in Frameworks */,
				3267FC1422A60F8C008AD571 /* LocalAuthentication.framework in Frameworks */,
				3267FC1322A60F86008AD571 /* AdSupport.framework in Frameworks */,
				3267FC1222A60F72008AD571 /* SafariServices.framework in Frameworks */,
				3267FC1122A60F62008AD571 /* SystemConfiguration.framework in Frameworks */,
				3267FC1022A60F5C008AD571 /* StoreKit.framework in Frameworks */,
			);
			runOnlyForDeploymentPostprocessing = 0;
		};
/* End PBXFrameworksBuildPhase section */

/* Begin PBXGroup section */
		3212AF5024B719E8008D3C62 /* widget */ = {
			isa = PBXGroup;
			children = (
				32518310229E5AE300623AFF /* LoginTitleView.h */,
				32518311229E5AE300623AFF /* LoginTitleView.m */,
				3212AF5124B71A6B008D3C62 /* SDKTextFiledView.h */,
				3212AF5224B71A6B008D3C62 /* SDKTextFiledView.m */,
				327F214C24BB073A00C95016 /* PhoneView.h */,
				327F214D24BB073A00C95016 /* PhoneView.m */,
				3284E0FA24BCA2B40050BC3D /* AccountListViewCell.h */,
				3284E0FB24BCA2B40050BC3D /* AccountListViewCell.m */,
			);
			path = widget;
			sourceTree = "<group>";
		};
		32518292229E24BB00623AFF = {
			isa = PBXGroup;
			children = (
				3267FC2822A61256008AD571 /* FrameworkScript.sh */,
				3251829D229E24BB00623AFF /* R2DSDK */,
				3267FBEB22A60DF8008AD571 /* R2DLIB */,
				3251829C229E24BB00623AFF /* Products */,
				32CEA22E229FAF0F00B9CC7C /* Frameworks */,
			);
			sourceTree = "<group>";
		};
		3251829C229E24BB00623AFF /* Products */ = {
			isa = PBXGroup;
			children = (
				3251829B229E24BB00623AFF /* R2DSDK.app */,
				3267FBEA22A60DF8008AD571 /* libR2DLIB.a */,
			);
			name = Products;
			sourceTree = "<group>";
		};
		3251829D229E24BB00623AFF /* R2DSDK */ = {
			isa = PBXGroup;
			children = (
				32C03F0724BD73F100114B21 /* Plat */,
				3253B2A1229EC8A5007C23CD /* Model */,
				3251831F229EAA3200623AFF /* SdkHelper */,
				3251830A229E3B9400623AFF /* RES */,
				325182B9229E281900623AFF /* Common */,
				325182B4229E254C00623AFF /* Login */,
				3251829E229E24BB00623AFF /* AppDelegate.h */,
				3251829F229E24BB00623AFF /* AppDelegate.m */,
				325182A1229E24BB00623AFF /* ViewController.h */,
				325182A2229E24BB00623AFF /* ViewController.m */,
				325182A4229E24BB00623AFF /* Main.storyboard */,
				325182A7229E24BD00623AFF /* Assets.xcassets */,
				325182A9229E24BD00623AFF /* LaunchScreen.storyboard */,
				325182AC229E24BD00623AFF /* Info.plist */,
				325182AD229E24BD00623AFF /* main.m */,
			);
			path = R2DSDK;
			sourceTree = "<group>";
		};
		325182B4229E254C00623AFF /* Login */ = {
			isa = PBXGroup;
			children = (
				32FB926624B56A88000E241C /* UIUtils */,
				32BD6ED8231AB1F400F146EC /* CCSkyHourLoginViewController.h */,
				32BD6ED9231AB1F400F146EC /* CCSkyHourLoginViewController.m */,
				32CEA22A229FABE200B9CC7C /* LoginApi */,
				32518306229E38A800623AFF /* view */,
				3251A0E422A02F9E004A0CCD /* LoginViewDelegate.h */,
			);
			name = Login;
			path = login;
			sourceTree = "<group>";
		};
		325182B9229E281900623AFF /* Common */ = {
			isa = PBXGroup;
			children = (
				32C03F0824BD958300114B21 /* Utils */,
				32775C4624BC6AFB00BDE4E7 /* YYModel */,
				32775C3524BC688800BDE4E7 /* HttpService */,
				32775C2024BC673F00BDE4E7 /* AFNetworking */,
				325182E2229E2F5900623AFF /* Masonry */,
			);
			path = Common;
			sourceTree = "<group>";
		};
		325182E2229E2F5900623AFF /* Masonry */ = {
			isa = PBXGroup;
			children = (
				325182EF229E2F6C00623AFF /* MASCompositeConstraint.h */,
				325182F6229E2F6C00623AFF /* MASCompositeConstraint.m */,
				325182E4229E2F6B00623AFF /* MASConstraint.h */,
				325182E5229E2F6B00623AFF /* MASConstraint.m */,
				325182EB229E2F6B00623AFF /* MASConstraint+Private.h */,
				325182E6229E2F6B00623AFF /* MASConstraintMaker.h */,
				325182F3229E2F6C00623AFF /* MASConstraintMaker.m */,
				325182EE229E2F6B00623AFF /* MASLayoutConstraint.h */,
				325182EA229E2F6B00623AFF /* MASLayoutConstraint.m */,
				325182F9229E2F6C00623AFF /* Masonry.h */,
				325182EC229E2F6B00623AFF /* MASUtilities.h */,
				325182F7229E2F6C00623AFF /* MASViewAttribute.h */,
				325182F2229E2F6C00623AFF /* MASViewAttribute.m */,
				325182F5229E2F6C00623AFF /* MASViewConstraint.h */,
				325182F8229E2F6C00623AFF /* MASViewConstraint.m */,
				325182E9229E2F6B00623AFF /* NSArray+MASAdditions.h */,
				325182F1229E2F6C00623AFF /* NSArray+MASAdditions.m */,
				325182E8229E2F6B00623AFF /* NSArray+MASShorthandAdditions.h */,
				325182F0229E2F6C00623AFF /* NSLayoutConstraint+MASDebugAdditions.h */,
				325182E7229E2F6B00623AFF /* NSLayoutConstraint+MASDebugAdditions.m */,
				325182FA229E2F6C00623AFF /* View+MASAdditions.h */,
				325182E3229E2F6B00623AFF /* View+MASAdditions.m */,
				325182ED229E2F6B00623AFF /* View+MASShorthandAdditions.h */,
				325182F4229E2F6C00623AFF /* ViewController+MASAdditions.h */,
				325182FB229E2F6C00623AFF /* ViewController+MASAdditions.m */,
			);
			name = Masonry;
			sourceTree = "<group>";
		};
		32518306229E38A800623AFF /* view */ = {
			isa = PBXGroup;
			children = (
				3212AF5024B719E8008D3C62 /* widget */,
				32518314229E5FD800623AFF /* SelectLoginTypeView.m */,
				327F215024BB1FA200C95016 /* SelectLoginTypeView.h */,
				32518319229E979B00623AFF /* GuestLoginWarnTipsView.h */,
				3251831A229E979B00623AFF /* GuestLoginWarnTipsView.m */,
				32CEA205229F7C7500B9CC7C /* BindAccountView.h */,
				32CEA206229F7C7500B9CC7C /* BindAccountView.m */,
				3260C1DF22A0D6F800E30FE9 /* SDKBaseView.h */,
				3260C1E022A0D6F800E30FE9 /* SDKBaseView.m */,
				3260C1E222A0EF1900E30FE9 /* GuestLogoutWarnTipsView.h */,
				3260C1E322A0EF1900E30FE9 /* GuestLogoutWarnTipsView.m */,
				3212AF5424B72248008D3C62 /* AccountLoginView.h */,
				3212AF5524B72248008D3C62 /* AccountLoginView.m */,
				327F214924BADE3500C95016 /* RegisterAccountView.h */,
				327F214A24BADE3500C95016 /* RegisterAccountView.m */,
				32C7D1A124BC02BF00BAC49C /* ChangePasswordView.h */,
				32C7D1A224BC02BF00BAC49C /* ChangePasswordView.m */,
				32C7D1A424BC09CC00BAC49C /* SelectBindTypeView.h */,
				32C7D1A524BC09CC00BAC49C /* SelectBindTypeView.m */,
				32C7D1A724BC295300BAC49C /* AutoLoginView.h */,
				32C7D1A824BC295300BAC49C /* AutoLoginView.m */,
			);
			path = view;
			sourceTree = "<group>";
		};
		3251830A229E3B9400623AFF /* RES */ = {
			isa = PBXGroup;
			children = (
				3251830B229E4C8900623AFF /* CCSkyHourSDKResources.bundle */,
			);
			path = RES;
			sourceTree = "<group>";
		};
		3251831F229EAA3200623AFF /* SdkHelper */ = {
			isa = PBXGroup;
			children = (
				325182BD229E28EF00623AFF /* CCSkyHourHeader.h */,
				3253B29F229EC407007C23CD /* ConfigCoreUtil.m */,
				3251831C229EA7F000623AFF /* ConfigCoreUtil.h */,
			);
			path = SdkHelper;
			sourceTree = "<group>";
		};
		3253B2A1229EC8A5007C23CD /* Model */ = {
			isa = PBXGroup;
			children = (
				32C03F0624BD72F600114B21 /* CCSDKDATA.h */,
				32518321229EAAA100623AFF /* CCSDKDATA.m */,
				32BD6F43231ABED800F146EC /* CCSDKResponse.h */,
				32BD6F44231ABED800F146EC /* CCSDKResponse.m */,
			);
			path = Model;
			sourceTree = "<group>";
		};
		3267FBEB22A60DF8008AD571 /* R2DLIB */ = {
			isa = PBXGroup;
			children = (
			);
			path = R2DLIB;
			sourceTree = "<group>";
		};
		32775C2024BC673F00BDE4E7 /* AFNetworking */ = {
			isa = PBXGroup;
			children = (
				32775C2124BC673F00BDE4E7 /* AFSecurityPolicy.h */,
				32775C2224BC673F00BDE4E7 /* AFNetworkReachabilityManager.h */,
				32775C2324BC673F00BDE4E7 /* AFURLSessionManager.h */,
				32775C2424BC673F00BDE4E7 /* AFURLRequestSerialization.h */,
				32775C2524BC673F00BDE4E7 /* AFURLResponseSerialization.m */,
				32775C2624BC673F00BDE4E7 /* AFHTTPSessionManager.m */,
				32775C2724BC673F00BDE4E7 /* AFURLResponseSerialization.h */,
				32775C2824BC673F00BDE4E7 /* AFURLSessionManager.m */,
				32775C2924BC673F00BDE4E7 /* AFURLRequestSerialization.m */,
				32775C2A24BC673F00BDE4E7 /* AFNetworking.h */,
				32775C2B24BC673F00BDE4E7 /* AFNetworkReachabilityManager.m */,
				32775C2C24BC673F00BDE4E7 /* AFSecurityPolicy.m */,
				32775C2D24BC673F00BDE4E7 /* AFCompatibilityMacros.h */,
				32775C2E24BC673F00BDE4E7 /* AFHTTPSessionManager.h */,
			);
			path = AFNetworking;
			sourceTree = "<group>";
		};
		32775C3524BC688800BDE4E7 /* HttpService */ = {
			isa = PBXGroup;
			children = (
				32775C3F24BC688800BDE4E7 /* BJAPIAddress.h */,
				32775C3A24BC688800BDE4E7 /* BJBaseHTTPEngine.h */,
				32775C4024BC688800BDE4E7 /* BJBaseHTTPEngine.m */,
				32775C3924BC688800BDE4E7 /* BJBaseResponceModel.h */,
				32775C3E24BC688800BDE4E7 /* BJBaseResponceModel.m */,
				32775C3D24BC688800BDE4E7 /* BJError.h */,
				32775C3824BC688800BDE4E7 /* BJError.m */,
				32775C3624BC688800BDE4E7 /* BJHTTPServiceEngine.h */,
				32775C3C24BC688800BDE4E7 /* BJHTTPServiceEngine.m */,
				32775C3724BC688800BDE4E7 /* BJServiceConfigurator.h */,
				32775C3B24BC688800BDE4E7 /* BJServiceConfigurator.m */,
			);
			path = HttpService;
			sourceTree = "<group>";
		};
		32775C4624BC6AFB00BDE4E7 /* YYModel */ = {
			isa = PBXGroup;
			children = (
				32775C4724BC6AFB00BDE4E7 /* YYClassInfo.h */,
				32775C4824BC6AFB00BDE4E7 /* YYModel.h */,
				32775C4924BC6AFB00BDE4E7 /* NSObject+YYModel.m */,
				32775C4A24BC6AFB00BDE4E7 /* YYClassInfo.m */,
				32775C4B24BC6AFB00BDE4E7 /* NSObject+YYModel.h */,
			);
			path = YYModel;
			sourceTree = "<group>";
		};
		32C03F0724BD73F100114B21 /* Plat */ = {
			isa = PBXGroup;
			children = (
				32CEA227229FA08200B9CC7C /* CCSkyHourSDKPlat.h */,
				32CEA228229FA08200B9CC7C /* CCSkyHourSDKPlat.m */,
			);
			path = Plat;
			sourceTree = "<group>";
		};
		32C03F0824BD958300114B21 /* Utils */ = {
			isa = PBXGroup;
			children = (
				325182BC229E28EF00623AFF /* CCSkyHourFunction.h */,
				325182BB229E28EF00623AFF /* CCSkyHourFunction.m */,
				3251830D229E599800623AFF /* UIColor+HexStringToColorTW.h */,
				3251830E229E599800623AFF /* UIColor+HexStringToColorTW.m */,
				32518307229E398B00623AFF /* UIImage+GamaBundleImage.h */,
				32518308229E398B00623AFF /* UIImage+GamaBundleImage.m */,
				32518316229E6E0B00623AFF /* UIUtil.h */,
				32518317229E6E0B00623AFF /* UIUtil.m */,
			);
			path = Utils;
			sourceTree = "<group>";
		};
		32CEA22A229FABE200B9CC7C /* LoginApi */ = {
			isa = PBXGroup;
			children = (
				32CEA22B229FAC1500B9CC7C /* LoginImp.h */,
				32CEA22C229FAC1500B9CC7C /* LoginImp.m */,
			);
			path = LoginApi;
			sourceTree = "<group>";
		};
		32CEA22E229FAF0F00B9CC7C /* Frameworks */ = {
			isa = PBXGroup;
			children = (
				3212476322A6164800B6A385 /* R2DLIB.framework */,
				32B3E09722A141710071BF80 /* StoreKit.framework */,
				32B3E09522A141630071BF80 /* GameKit.framework */,
				32B3E09322A1415E0071BF80 /* AdSupport.framework */,
				32CEA233229FAF3B00B9CC7C /* SafariServices.framework */,
				32CEA231229FAF1800B9CC7C /* SystemConfiguration.framework */,
				32CEA22F229FAF1000B9CC7C /* LocalAuthentication.framework */,
			);
			name = Frameworks;
			sourceTree = "<group>";
		};
		32FB926624B56A88000E241C /* UIUtils */ = {
			isa = PBXGroup;
			children = (
				32FB926324B566D5000E241C /* LoginButton.h */,
				32FB926424B566D5000E241C /* LoginButton.m */,
			);
			path = UIUtils;
			sourceTree = "<group>";
		};
/* End PBXGroup section */

/* Begin PBXNativeTarget section */
		3251829A229E24BB00623AFF /* R2DSDK */ = {
			isa = PBXNativeTarget;
			buildConfigurationList = 325182B1229E24BD00623AFF /* Build configuration list for PBXNativeTarget "R2DSDK" */;
			buildPhases = (
				32518297229E24BB00623AFF /* Sources */,
				32518298229E24BB00623AFF /* Frameworks */,
				32518299229E24BB00623AFF /* Resources */,
			);
			buildRules = (
			);
			dependencies = (
			);
			name = R2DSDK;
			productName = R2DSDK;
			productReference = 3251829B229E24BB00623AFF /* R2DSDK.app */;
			productType = "com.apple.product-type.application";
		};
		3267FBE922A60DF8008AD571 /* R2DLIB */ = {
			isa = PBXNativeTarget;
			buildConfigurationList = 3267FBF222A60DF8008AD571 /* Build configuration list for PBXNativeTarget "R2DLIB" */;
			buildPhases = (
				3267FBE622A60DF8008AD571 /* Sources */,
				3267FBE722A60DF8008AD571 /* Frameworks */,
				3267FBE822A60DF8008AD571 /* CopyFiles */,
			);
			buildRules = (
			);
			dependencies = (
			);
			name = R2DLIB;
			productName = R2DLIB;
			productReference = 3267FBEA22A60DF8008AD571 /* libR2DLIB.a */;
			productType = "com.apple.product-type.library.static";
		};
/* End PBXNativeTarget section */

/* Begin PBXProject section */
		32518293229E24BB00623AFF /* Project object */ = {
			isa = PBXProject;
			attributes = {
				LastUpgradeCheck = 1010;
				ORGANIZATIONNAME = ganyuanrong;
				TargetAttributes = {
					3251829A229E24BB00623AFF = {
						CreatedOnToolsVersion = 10.1;
					};
					3267FBE922A60DF8008AD571 = {
						CreatedOnToolsVersion = 10.2.1;
					};
					3267FC2022A610C2008AD571 = {
						CreatedOnToolsVersion = 10.2.1;
					};
				};
			};
			buildConfigurationList = 32518296229E24BB00623AFF /* Build configuration list for PBXProject "R2DSDK" */;
			compatibilityVersion = "Xcode 9.3";
			developmentRegion = en;
			hasScannedForEncodings = 0;
			knownRegions = (
				en,
				Base,
			);
			mainGroup = 32518292229E24BB00623AFF;
			productRefGroup = 3251829C229E24BB00623AFF /* Products */;
			projectDirPath = "";
			projectRoot = "";
			targets = (
				3251829A229E24BB00623AFF /* R2DSDK */,
				3267FBE922A60DF8008AD571 /* R2DLIB */,
				3267FC2022A610C2008AD571 /* WAPR2SDK */,
			);
		};
/* End PBXProject section */

/* Begin PBXResourcesBuildPhase section */
		32518299229E24BB00623AFF /* Resources */ = {
			isa = PBXResourcesBuildPhase;
			buildActionMask = 2147483647;
			files = (
				325182AB229E24BD00623AFF /* LaunchScreen.storyboard in Resources */,
				325182A8229E24BD00623AFF /* Assets.xcassets in Resources */,
				325182A6229E24BB00623AFF /* Main.storyboard in Resources */,
				3251830C229E4C8900623AFF /* CCSkyHourSDKResources.bundle in Resources */,
			);
			runOnlyForDeploymentPostprocessing = 0;
		};
/* End PBXResourcesBuildPhase section */

/* Begin PBXShellScriptBuildPhase section */
		3267FC2622A610EB008AD571 /* ShellScript */ = {
			isa = PBXShellScriptBuildPhase;
			buildActionMask = 2147483647;
			files = (
			);
			inputFileListPaths = (
			);
			inputPaths = (
			);
			outputFileListPaths = (
			);
			outputPaths = (
			);
			runOnlyForDeploymentPostprocessing = 0;
			shellPath = /bin/sh;
			shellScript = "chmod 755 \"$PROJECT_DIR/FrameworkScript.sh\" \n\"$PROJECT_DIR/FrameworkScript.sh\"\n";
		};
/* End PBXShellScriptBuildPhase section */

/* Begin PBXSourcesBuildPhase section */
		32518297229E24BB00623AFF /* Sources */ = {
			isa = PBXSourcesBuildPhase;
			buildActionMask = 2147483647;
			files = (
				32775C3124BC673F00BDE4E7 /* AFURLSessionManager.m in Sources */,
				32BD6EDA231AB1F400F146EC /* CCSkyHourLoginViewController.m in Sources */,
				327F214E24BB073A00C95016 /* PhoneView.m in Sources */,
				32775C4C24BC6AFB00BDE4E7 /* NSObject+YYModel.m in Sources */,
				32C7D1A624BC09CC00BAC49C /* SelectBindTypeView.m in Sources */,
				325182A3229E24BB00623AFF /* ViewController.m in Sources */,
				32C7D1A324BC02BF00BAC49C /* ChangePasswordView.m in Sources */,
				32775C3024BC673F00BDE4E7 /* AFHTTPSessionManager.m in Sources */,
				32775C3224BC673F00BDE4E7 /* AFURLRequestSerialization.m in Sources */,
				32775C4524BC688800BDE4E7 /* BJBaseHTTPEngine.m in Sources */,
				32775C2F24BC673F00BDE4E7 /* AFURLResponseSerialization.m in Sources */,
				325182AE229E24BD00623AFF /* main.m in Sources */,
				32775C3424BC673F00BDE4E7 /* AFSecurityPolicy.m in Sources */,
				32FB926524B566D5000E241C /* LoginButton.m in Sources */,
				32775C3324BC673F00BDE4E7 /* AFNetworkReachabilityManager.m in Sources */,
				32C7D1A924BC295300BAC49C /* AutoLoginView.m in Sources */,
				325182A0229E24BB00623AFF /* AppDelegate.m in Sources */,
				327F214B24BADE3500C95016 /* RegisterAccountView.m in Sources */,
				32775C4D24BC6AFB00BDE4E7 /* YYClassInfo.m in Sources */,
				3212AF5624B72248008D3C62 /* AccountLoginView.m in Sources */,
				32775C4124BC688800BDE4E7 /* BJError.m in Sources */,
				32775C4224BC688800BDE4E7 /* BJServiceConfigurator.m in Sources */,
				3212AF5324B71A6B008D3C62 /* SDKTextFiledView.m in Sources */,
				32775C4324BC688800BDE4E7 /* BJHTTPServiceEngine.m in Sources */,
				3284E0FC24BCA2B40050BC3D /* AccountListViewCell.m in Sources */,
				32775C4424BC688800BDE4E7 /* BJBaseResponceModel.m in Sources */,
			);
			runOnlyForDeploymentPostprocessing = 0;
		};
		3267FBE622A60DF8008AD571 /* Sources */ = {
			isa = PBXSourcesBuildPhase;
			buildActionMask = 2147483647;
			files = (
				3267FBF322A60E72008AD571 /* CCSkyHourSDKPlat.m in Sources */,
				3267FBF422A60E72008AD571 /* ConfigCoreUtil.m in Sources */,
				3267FBF522A60E72008AD571 /* CCSDKDATA.m in Sources */,
				3267FBF622A60E72008AD571 /* UIColor+HexStringToColorTW.m in Sources */,
				3267FBF722A60E72008AD571 /* UIImage+GamaBundleImage.m in Sources */,
				32BD6F45231ABED800F146EC /* CCSDKResponse.m in Sources */,
				3267FBF822A60E72008AD571 /* MASCompositeConstraint.m in Sources */,
				3267FBF922A60E72008AD571 /* MASConstraint.m in Sources */,
				3267FBFA22A60E72008AD571 /* MASConstraintMaker.m in Sources */,
				3267FBFB22A60E72008AD571 /* MASLayoutConstraint.m in Sources */,
				3267FBFC22A60E72008AD571 /* MASViewAttribute.m in Sources */,
				3267FBFD22A60E72008AD571 /* MASViewConstraint.m in Sources */,
				3267FBFE22A60E72008AD571 /* NSArray+MASAdditions.m in Sources */,
				3267FBFF22A60E72008AD571 /* NSLayoutConstraint+MASDebugAdditions.m in Sources */,
				3267FC0022A60E72008AD571 /* View+MASAdditions.m in Sources */,
				3267FC0122A60E72008AD571 /* ViewController+MASAdditions.m in Sources */,
				3267FC0222A60E72008AD571 /* CCSkyHourFunction.m in Sources */,
				3267FC0322A60E72008AD571 /* UIUtil.m in Sources */,
				3267FC0422A60E72008AD571 /* LoginImp.m in Sources */,
				3267FC0522A60E72008AD571 /* LoginTitleView.m in Sources */,
				3267FC0622A60E72008AD571 /* SelectLoginTypeView.m in Sources */,
				3267FC0722A60E72008AD571 /* GuestLoginWarnTipsView.m in Sources */,
				3267FC0922A60E72008AD571 /* BindAccountView.m in Sources */,
				3267FC0B22A60E72008AD571 /* SDKBaseView.m in Sources */,
				3267FC0C22A60E72008AD571 /* GuestLogoutWarnTipsView.m in Sources */,
			);
			runOnlyForDeploymentPostprocessing = 0;
		};
/* End PBXSourcesBuildPhase section */

/* Begin PBXTargetDependency section */
		3267FC2522A610CF008AD571 /* PBXTargetDependency */ = {
			isa = PBXTargetDependency;
			target = 3267FBE922A60DF8008AD571 /* R2DLIB */;
			targetProxy = 3267FC2422A610CF008AD571 /* PBXContainerItemProxy */;
		};
/* End PBXTargetDependency section */

/* Begin PBXVariantGroup section */
		325182A4229E24BB00623AFF /* Main.storyboard */ = {
			isa = PBXVariantGroup;
			children = (
				325182A5229E24BB00623AFF /* Base */,
			);
			name = Main.storyboard;
			sourceTree = "<group>";
		};
		325182A9229E24BD00623AFF /* LaunchScreen.storyboard */ = {
			isa = PBXVariantGroup;
			children = (
				325182AA229E24BD00623AFF /* Base */,
			);
			name = LaunchScreen.storyboard;
			sourceTree = "<group>";
		};
/* End PBXVariantGroup section */

/* Begin XCBuildConfiguration section */
		325182AF229E24BD00623AFF /* Debug */ = {
			isa = XCBuildConfiguration;
			buildSettings = {
				ALWAYS_SEARCH_USER_PATHS = NO;
				CLANG_ANALYZER_NONNULL = YES;
				CLANG_ANALYZER_NUMBER_OBJECT_CONVERSION = YES_AGGRESSIVE;
				CLANG_CXX_LANGUAGE_STANDARD = "gnu++14";
				CLANG_CXX_LIBRARY = "libc++";
				CLANG_ENABLE_MODULES = YES;
				CLANG_ENABLE_OBJC_ARC = YES;
				CLANG_ENABLE_OBJC_WEAK = YES;
				CLANG_WARN_BLOCK_CAPTURE_AUTORELEASING = YES;
				CLANG_WARN_BOOL_CONVERSION = YES;
				CLANG_WARN_COMMA = YES;
				CLANG_WARN_CONSTANT_CONVERSION = YES;
				CLANG_WARN_DEPRECATED_OBJC_IMPLEMENTATIONS = YES;
				CLANG_WARN_DIRECT_OBJC_ISA_USAGE = YES_ERROR;
				CLANG_WARN_DOCUMENTATION_COMMENTS = YES;
				CLANG_WARN_EMPTY_BODY = YES;
				CLANG_WARN_ENUM_CONVERSION = YES;
				CLANG_WARN_INFINITE_RECURSION = YES;
				CLANG_WARN_INT_CONVERSION = YES;
				CLANG_WARN_NON_LITERAL_NULL_CONVERSION = YES;
				CLANG_WARN_OBJC_IMPLICIT_RETAIN_SELF = YES;
				CLANG_WARN_OBJC_LITERAL_CONVERSION = YES;
				CLANG_WARN_OBJC_ROOT_CLASS = YES_ERROR;
				CLANG_WARN_RANGE_LOOP_ANALYSIS = YES;
				CLANG_WARN_STRICT_PROTOTYPES = YES;
				CLANG_WARN_SUSPICIOUS_MOVE = YES;
				CLANG_WARN_UNGUARDED_AVAILABILITY = YES_AGGRESSIVE;
				CLANG_WARN_UNREACHABLE_CODE = YES;
				CLANG_WARN__DUPLICATE_METHOD_MATCH = YES;
				CODE_SIGN_IDENTITY = "iPhone Developer";
				COPY_PHASE_STRIP = NO;
				DEBUG_INFORMATION_FORMAT = dwarf;
				ENABLE_STRICT_OBJC_MSGSEND = YES;
				ENABLE_TESTABILITY = YES;
				GCC_C_LANGUAGE_STANDARD = gnu11;
				GCC_DYNAMIC_NO_PIC = NO;
				GCC_NO_COMMON_BLOCKS = YES;
				GCC_OPTIMIZATION_LEVEL = 0;
				GCC_PREPROCESSOR_DEFINITIONS = (
					"DEBUG=1",
					"$(inherited)",
				);
				GCC_WARN_64_TO_32_BIT_CONVERSION = YES;
				GCC_WARN_ABOUT_RETURN_TYPE = YES_ERROR;
				GCC_WARN_UNDECLARED_SELECTOR = YES;
				GCC_WARN_UNINITIALIZED_AUTOS = YES_AGGRESSIVE;
				GCC_WARN_UNUSED_FUNCTION = YES;
				GCC_WARN_UNUSED_VARIABLE = YES;
				IPHONEOS_DEPLOYMENT_TARGET = 10.0;
				MTL_ENABLE_DEBUG_INFO = INCLUDE_SOURCE;
				MTL_FAST_MATH = YES;
				ONLY_ACTIVE_ARCH = YES;
				SDKROOT = iphoneos;
			};
			name = Debug;
		};
		325182B0229E24BD00623AFF /* Release */ = {
			isa = XCBuildConfiguration;
			buildSettings = {
				ALWAYS_SEARCH_USER_PATHS = NO;
				CLANG_ANALYZER_NONNULL = YES;
				CLANG_ANALYZER_NUMBER_OBJECT_CONVERSION = YES_AGGRESSIVE;
				CLANG_CXX_LANGUAGE_STANDARD = "gnu++14";
				CLANG_CXX_LIBRARY = "libc++";
				CLANG_ENABLE_MODULES = YES;
				CLANG_ENABLE_OBJC_ARC = YES;
				CLANG_ENABLE_OBJC_WEAK = YES;
				CLANG_WARN_BLOCK_CAPTURE_AUTORELEASING = YES;
				CLANG_WARN_BOOL_CONVERSION = YES;
				CLANG_WARN_COMMA = YES;
				CLANG_WARN_CONSTANT_CONVERSION = YES;
				CLANG_WARN_DEPRECATED_OBJC_IMPLEMENTATIONS = YES;
				CLANG_WARN_DIRECT_OBJC_ISA_USAGE = YES_ERROR;
				CLANG_WARN_DOCUMENTATION_COMMENTS = YES;
				CLANG_WARN_EMPTY_BODY = YES;
				CLANG_WARN_ENUM_CONVERSION = YES;
				CLANG_WARN_INFINITE_RECURSION = YES;
				CLANG_WARN_INT_CONVERSION = YES;
				CLANG_WARN_NON_LITERAL_NULL_CONVERSION = YES;
				CLANG_WARN_OBJC_IMPLICIT_RETAIN_SELF = YES;
				CLANG_WARN_OBJC_LITERAL_CONVERSION = YES;
				CLANG_WARN_OBJC_ROOT_CLASS = YES_ERROR;
				CLANG_WARN_RANGE_LOOP_ANALYSIS = YES;
				CLANG_WARN_STRICT_PROTOTYPES = YES;
				CLANG_WARN_SUSPICIOUS_MOVE = YES;
				CLANG_WARN_UNGUARDED_AVAILABILITY = YES_AGGRESSIVE;
				CLANG_WARN_UNREACHABLE_CODE = YES;
				CLANG_WARN__DUPLICATE_METHOD_MATCH = YES;
				CODE_SIGN_IDENTITY = "iPhone Developer";
				COPY_PHASE_STRIP = NO;
				DEBUG_INFORMATION_FORMAT = "dwarf-with-dsym";
				ENABLE_NS_ASSERTIONS = NO;
				ENABLE_STRICT_OBJC_MSGSEND = YES;
				GCC_C_LANGUAGE_STANDARD = gnu11;
				GCC_NO_COMMON_BLOCKS = YES;
				GCC_WARN_64_TO_32_BIT_CONVERSION = YES;
				GCC_WARN_ABOUT_RETURN_TYPE = YES_ERROR;
				GCC_WARN_UNDECLARED_SELECTOR = YES;
				GCC_WARN_UNINITIALIZED_AUTOS = YES_AGGRESSIVE;
				GCC_WARN_UNUSED_FUNCTION = YES;
				GCC_WARN_UNUSED_VARIABLE = YES;
				IPHONEOS_DEPLOYMENT_TARGET = 10.0;
				MTL_ENABLE_DEBUG_INFO = NO;
				MTL_FAST_MATH = YES;
				SDKROOT = iphoneos;
				VALIDATE_PRODUCT = YES;
			};
			name = Release;
		};
		325182B2229E24BD00623AFF /* Debug */ = {
			isa = XCBuildConfiguration;
			buildSettings = {
				ASSETCATALOG_COMPILER_APPICON_NAME = AppIcon;
				CODE_SIGN_STYLE = Manual;
				DEVELOPMENT_TEAM = 75GZD42L37;
				FRAMEWORK_SEARCH_PATHS = (
					"$(inherited)",
					"$(PROJECT_DIR)/R2DSDK/ThirdLib/google",
					"$(PROJECT_DIR)/R2DSDK/ThirdLib/facebook",
					"$(PROJECT_DIR)/R2DSDK/ThirdLib/appsflyer",
					"$(PROJECT_DIR)/R2DSDK/ThirdLib",
					"$(PROJECT_DIR)/R2DLIB",
				);
				INFOPLIST_FILE = R2DSDK/Info.plist;
				IPHONEOS_DEPLOYMENT_TARGET = 10.0;
				LD_RUNPATH_SEARCH_PATHS = (
					"$(inherited)",
					"@executable_path/Frameworks",
				);
				OTHER_LDFLAGS = (
					"-ObjC",
					"-all_load",
				);
				PRODUCT_BUNDLE_IDENTIFIER = com.r2.sgmnz.smapp;
				PRODUCT_NAME = "$(TARGET_NAME)";
				PROVISIONING_PROFILE_SPECIFIER = "sgmnz-smdev";
				TARGETED_DEVICE_FAMILY = "1,2";
			};
			name = Debug;
		};
		325182B3229E24BD00623AFF /* Release */ = {
			isa = XCBuildConfiguration;
			buildSettings = {
				ASSETCATALOG_COMPILER_APPICON_NAME = AppIcon;
				CODE_SIGN_STYLE = Manual;
				DEVELOPMENT_TEAM = 75GZD42L37;
				FRAMEWORK_SEARCH_PATHS = (
					"$(inherited)",
					"$(PROJECT_DIR)/R2DSDK/ThirdLib/google",
					"$(PROJECT_DIR)/R2DSDK/ThirdLib/facebook",
					"$(PROJECT_DIR)/R2DSDK/ThirdLib/appsflyer",
					"$(PROJECT_DIR)/R2DSDK/ThirdLib",
					"$(PROJECT_DIR)/R2DLIB",
				);
				INFOPLIST_FILE = R2DSDK/Info.plist;
				IPHONEOS_DEPLOYMENT_TARGET = 10.0;
				LD_RUNPATH_SEARCH_PATHS = (
					"$(inherited)",
					"@executable_path/Frameworks",
				);
				OTHER_LDFLAGS = (
					"-ObjC",
					"-all_load",
				);
				PRODUCT_BUNDLE_IDENTIFIER = com.r2.sgmnz.smapp;
				PRODUCT_NAME = "$(TARGET_NAME)";
				PROVISIONING_PROFILE_SPECIFIER = "sgmnz-smdev";
				TARGETED_DEVICE_FAMILY = "1,2";
			};
			name = Release;
		};
		3267FBF022A60DF8008AD571 /* Debug */ = {
			isa = XCBuildConfiguration;
			buildSettings = {
				CODE_SIGN_STYLE = Automatic;
				FRAMEWORK_SEARCH_PATHS = "";
				IPHONEOS_DEPLOYMENT_TARGET = 10.0;
				OTHER_LDFLAGS = "-ObjC";
				PRODUCT_NAME = "$(TARGET_NAME)";
				SKIP_INSTALL = YES;
				TARGETED_DEVICE_FAMILY = "1,2";
			};
			name = Debug;
		};
		3267FBF122A60DF8008AD571 /* Release */ = {
			isa = XCBuildConfiguration;
			buildSettings = {
				CODE_SIGN_STYLE = Automatic;
				FRAMEWORK_SEARCH_PATHS = "";
				IPHONEOS_DEPLOYMENT_TARGET = 10.0;
				OTHER_LDFLAGS = "-ObjC";
				PRODUCT_NAME = "$(TARGET_NAME)";
				SKIP_INSTALL = YES;
				TARGETED_DEVICE_FAMILY = "1,2";
			};
			name = Release;
		};
		3267FC2222A610C2008AD571 /* Debug */ = {
			isa = XCBuildConfiguration;
			buildSettings = {
				CODE_SIGN_STYLE = Automatic;
				PRODUCT_NAME = "$(TARGET_NAME)";
			};
			name = Debug;
		};
		3267FC2322A610C2008AD571 /* Release */ = {
			isa = XCBuildConfiguration;
			buildSettings = {
				CODE_SIGN_STYLE = Automatic;
				PRODUCT_NAME = "$(TARGET_NAME)";
			};
			name = Release;
		};
/* End XCBuildConfiguration section */

/* Begin XCConfigurationList section */
		32518296229E24BB00623AFF /* Build configuration list for PBXProject "R2DSDK" */ = {
			isa = XCConfigurationList;
			buildConfigurations = (
				325182AF229E24BD00623AFF /* Debug */,
				325182B0229E24BD00623AFF /* Release */,
			);
			defaultConfigurationIsVisible = 0;
			defaultConfigurationName = Release;
		};
		325182B1229E24BD00623AFF /* Build configuration list for PBXNativeTarget "R2DSDK" */ = {
			isa = XCConfigurationList;
			buildConfigurations = (
				325182B2229E24BD00623AFF /* Debug */,
				325182B3229E24BD00623AFF /* Release */,
			);
			defaultConfigurationIsVisible = 0;
			defaultConfigurationName = Release;
		};
		3267FBF222A60DF8008AD571 /* Build configuration list for PBXNativeTarget "R2DLIB" */ = {
			isa = XCConfigurationList;
			buildConfigurations = (
				3267FBF022A60DF8008AD571 /* Debug */,
				3267FBF122A60DF8008AD571 /* Release */,
			);
			defaultConfigurationIsVisible = 0;
			defaultConfigurationName = Release;
		};
		3267FC2122A610C2008AD571 /* Build configuration list for PBXAggregateTarget "WAPR2SDK" */ = {
			isa = XCConfigurationList;
			buildConfigurations = (
				3267FC2222A610C2008AD571 /* Debug */,
				3267FC2322A610C2008AD571 /* Release */,
			);
			defaultConfigurationIsVisible = 0;
			defaultConfigurationName = Release;
		};
/* End XCConfigurationList section */
	};
	rootObject = 32518293229E24BB00623AFF /* Project object */;
}
